
Microsoft Visual Studio Solution File, Format Version 12.00
# Visual Studio Version 17
VisualStudioVersion = 17.1.32319.34
MinimumVisualStudioVersion = 10.0.40219.1
Project("{FAE04EC0-301F-11D3-BF4B-00C04F79EFBC}") = "ThunderDistance", "ThunderDistance\ThunderDistance.csproj", "{561C609F-4B6D-4105-B7B7-7890F2C8ABF3}"
EndProject
Global
	GlobalSection(SolutionConfigurationPlatforms) = preSolution
		Debug|Any CPU = Debug|Any CPU
		Debug|x64 = Debug|x64
		Release|Any CPU = Release|Any CPU
		Release|x64 = Release|x64
	EndGlobalSection
	GlobalSection(ProjectConfigurationPlatforms) = postSolution
		{561C609F-4B6D-4105-B7B7-7890F2C8ABF3}.Debug|Any CPU.ActiveCfg = Debug|Any CPU
		{561C609F-4B6D-4105-B7B7-7890F2C8ABF3}.Debug|Any CPU.Build.0 = Debug|Any CPU
		{561C609F-4B6D-4105-B7B7-7890F2C8ABF3}.Debug|x64.ActiveCfg = Debug|x64
		{561C609F-4B6D-4105-B7B7-7890F2C8ABF3}.Debug|x64.Build.0 = Debug|x64
		{561C609F-4B6D-4105-B7B7-7890F2C8ABF3}.Release|Any CPU.ActiveCfg = Release|Any CPU
		{561C609F-4B6D-4105-B7B7-7890F2C8ABF3}.Release|Any CPU.Build.0 = Release|Any CPU
		{561C609F-4B6D-4105-B7B7-7890F2C8ABF3}.Release|x64.ActiveCfg = Release|x64
		{561C609F-4B6D-4105-B7B7-7890F2C8ABF3}.Release|x64.Build.0 = Release|x64
	EndGlobalSection
	GlobalSection(SolutionProperties) = preSolution
		HideSolutionNode = FALSE
	EndGlobalSection
	GlobalSection(ExtensibilityGlobals) = postSolution
		SolutionGuid = {EF4223E4-7C5A-470B-8F28-BF008E13DB03}
	EndGlobalSection
EndGlobal
